
Microsoft Visual Studio Solution File, Format Version 12.00
# Visual Studio 15
VisualStudioVersion = 15.0.28010.2050
MinimumVisualStudioVersion = 10.0.40219.1
Project("{FAE04EC0-301F-11D3-BF4B-00C04F79EFBC}") = "TutoSoapClientCSharp", "TutoSoapClientCSharp\TutoSoapClientCSharp.csproj", "{56CA23DE-0854-4972-8959-F7D3B87FA9B2}"
EndProject
Global
	GlobalSection(SolutionConfigurationPlatforms) = preSolution
		Debug|Any CPU = Debug|Any CPU
		Release|Any CPU = Release|Any CPU
	EndGlobalSection
	GlobalSection(ProjectConfigurationPlatforms) = postSolution
		{56CA23DE-0854-4972-8959-F7D3B87FA9B2}.Debug|Any CPU.ActiveCfg = Debug|Any CPU
		{56CA23DE-0854-4972-8959-F7D3B87FA9B2}.Debug|Any CPU.Build.0 = Debug|Any CPU
		{56CA23DE-0854-4972-8959-F7D3B87FA9B2}.Release|Any CPU.ActiveCfg = Release|Any CPU
		{56CA23DE-0854-4972-8959-F7D3B87FA9B2}.Release|Any CPU.Build.0 = Release|Any CPU
	EndGlobalSection
	GlobalSection(SolutionProperties) = preSolution
		HideSolutionNode = FALSE
	EndGlobalSection
	GlobalSection(ExtensibilityGlobals) = postSolution
		SolutionGuid = {1E07E8C2-F67E-4496-B88B-D4E2B7ABF0D1}
	EndGlobalSection
EndGlobal
